// !$*UTF8*$!
{
	archiveVersion = 1;
	classes = {
	};
	objectVersion = 55;
	objects = {

/* Begin PBXBuildFile section */
		073C3CF028958C1300203320 /* PhotoListApp.swift in Sources */ = {isa = PBXBuildFile; fileRef = 073C3CEF28958C1300203320 /* PhotoListApp.swift */; };
		073C3CF228958C1300203320 /* ContentView.swift in Sources */ = {isa = PBXBuildFile; fileRef = 073C3CF128958C1300203320 /* ContentView.swift */; };
		073C3CF428958C1A00203320 /* Assets.xcassets in Resources */ = {isa = PBXBuildFile; fileRef = 073C3CF328958C1A00203320 /* Assets.xcassets */; };
		073C3CF728958C1A00203320 /* Preview Assets.xcassets in Resources */ = {isa = PBXBuildFile; fileRef = 073C3CF628958C1A00203320 /* Preview Assets.xcassets */; };
		073C3CFE28958C7B00203320 /* PhotoPicker.swift in Sources */ = {isa = PBXBuildFile; fileRef = 073C3CFD28958C7B00203320 /* PhotoPicker.swift */; };
		073C3D002895925000203320 /* PhotoCreatorView.swift in Sources */ = {isa = PBXBuildFile; fileRef = 073C3CFF2895925000203320 /* PhotoCreatorView.swift */; };
		073C3D0228959F1900203320 /* Photo.swift in Sources */ = {isa = PBXBuildFile; fileRef = 073C3D0128959F1900203320 /* Photo.swift */; };
		073C3D042895A12500203320 /* FileManager-Extension.swift in Sources */ = {isa = PBXBuildFile; fileRef = 073C3D032895A12500203320 /* FileManager-Extension.swift */; };
		073C3D062895A16C00203320 /* PhotoCreatorView-ViewModel.swift in Sources */ = {isa = PBXBuildFile; fileRef = 073C3D052895A16C00203320 /* PhotoCreatorView-ViewModel.swift */; };
/* End PBXBuildFile section */

/* Begin PBXFileReference section */
		073C3CEC28958C1300203320 /* PhotoList.app */ = {isa = PBXFileReference; explicitFileType = wrapper.application; includeInIndex = 0; path = PhotoList.app; sourceTree = BUILT_PRODUCTS_DIR; };
		073C3CEF28958C1300203320 /* PhotoListApp.swift */ = {isa = PBXFileReference; lastKnownFileType = sourcecode.swift; path = PhotoListApp.swift; sourceTree = "<group>"; };
		073C3CF128958C1300203320 /* ContentView.swift */ = {isa = PBXFileReference; lastKnownFileType = sourcecode.swift; path = ContentView.swift; sourceTree = "<group>"; };
		073C3CF328958C1A00203320 /* Assets.xcassets */ = {isa = PBXFileReference; lastKnownFileType = folder.assetcatalog; path = Assets.xcassets; sourceTree = "<group>"; };
		073C3CF628958C1A00203320 /* Preview Assets.xcassets */ = {isa = PBXFileReference; lastKnownFileType = folder.assetcatalog; path = "Preview Assets.xcassets"; sourceTree = "<group>"; };
		073C3CFD28958C7B00203320 /* PhotoPicker.swift */ = {isa = PBXFileReference; lastKnownFileType = sourcecode.swift; path = PhotoPicker.swift; sourceTree = "<group>"; };
		073C3CFF2895925000203320 /* PhotoCreatorView.swift */ = {isa = PBXFileReference; lastKnownFileType = sourcecode.swift; path = PhotoCreatorView.swift; sourceTree = "<group>"; };
		073C3D0128959F1900203320 /* Photo.swift */ = {isa = PBXFileReference; lastKnownFileType = sourcecode.swift; path = Photo.swift; sourceTree = "<group>"; };
		073C3D032895A12500203320 /* FileManager-Extension.swift */ = {isa = PBXFileReference; lastKnownFileType = sourcecode.swift; path = "FileManager-Extension.swift"; sourceTree = "<group>"; };
		073C3D052895A16C00203320 /* PhotoCreatorView-ViewModel.swift */ = {isa = PBXFileReference; lastKnownFileType = sourcecode.swift; path = "PhotoCreatorView-ViewModel.swift"; sourceTree = "<group>"; };
/* End PBXFileReference section */

/* Begin PBXFrameworksBuildPhase section */
		073C3CE928958C1300203320 /* Frameworks */ = {
			isa = PBXFrameworksBuildPhase;
			buildActionMask = 2147483647;
			files = (
			);
			runOnlyForDeploymentPostprocessing = 0;
		};
/* End PBXFrameworksBuildPhase section */

/* Begin PBXGroup section */
		073C3CE328958C1200203320 = {
			isa = PBXGroup;
			children = (
				073C3CEE28958C1300203320 /* PhotoList */,
				073C3CED28958C1300203320 /* Products */,
			);
			sourceTree = "<group>";
		};
		073C3CED28958C1300203320 /* Products */ = {
			isa = PBXGroup;
			children = (
				073C3CEC28958C1300203320 /* PhotoList.app */,
			);
			name = Products;
			sourceTree = "<group>";
		};
		073C3CEE28958C1300203320 /* PhotoList */ = {
			isa = PBXGroup;
			children = (
				073C3CEF28958C1300203320 /* PhotoListApp.swift */,
				073C3CF128958C1300203320 /* ContentView.swift */,
				073C3CFF2895925000203320 /* PhotoCreatorView.swift */,
				073C3D052895A16C00203320 /* PhotoCreatorView-ViewModel.swift */,
				073C3CFD28958C7B00203320 /* PhotoPicker.swift */,
				073C3D0128959F1900203320 /* Photo.swift */,
				073C3D032895A12500203320 /* FileManager-Extension.swift */,
				073C3CF328958C1A00203320 /* Assets.xcassets */,
				073C3CF528958C1A00203320 /* Preview Content */,
			);
			path = PhotoList;
			sourceTree = "<group>";
		};
		073C3CF528958C1A00203320 /* Preview Content */ = {
			isa = PBXGroup;
			children = (
				073C3CF628958C1A00203320 /* Preview Assets.xcassets */,
			);
			path = "Preview Content";
			sourceTree = "<group>";
		};
/* End PBXGroup section */

/* Begin PBXNativeTarget section */
		073C3CEB28958C1300203320 /* PhotoList */ = {
			isa = PBXNativeTarget;
			buildConfigurationList = 073C3CFA28958C1A00203320 /* Build configuration list for PBXNativeTarget "PhotoList" */;
			buildPhases = (
				073C3CE828958C1300203320 /* Sources */,
				073C3CE928958C1300203320 /* Frameworks */,
				073C3CEA28958C1300203320 /* Resources */,
			);
			buildRules = (
			);
			dependencies = (
			);
			name = PhotoList;
			productName = PhotoList;
			productReference = 073C3CEC28958C1300203320 /* PhotoList.app */;
			productType = "com.apple.product-type.application";
		};
/* End PBXNativeTarget section */

/* Begin PBXProject section */
		073C3CE428958C1200203320 /* Project object */ = {
			isa = PBXProject;
			attributes = {
				BuildIndependentTargetsInParallel = 1;
				LastSwiftUpdateCheck = 1340;
				LastUpgradeCheck = 1340;
				TargetAttributes = {
					073C3CEB28958C1300203320 = {
						CreatedOnToolsVersion = 13.4.1;
					};
				};
			};
			buildConfigurationList = 073C3CE728958C1200203320 /* Build configuration list for PBXProject "PhotoList" */;
			compatibilityVersion = "Xcode 13.0";
			developmentRegion = en;
			hasScannedForEncodings = 0;
			knownRegions = (
				en,
				Base,
			);
			mainGroup = 073C3CE328958C1200203320;
			productRefGroup = 073C3CED28958C1300203320 /* Products */;
			projectDirPath = "";
			projectRoot = "";
			targets = (
				073C3CEB28958C1300203320 /* PhotoList */,
			);
		};
/* End PBXProject section */

/* Begin PBXResourcesBuildPhase section */
		073C3CEA28958C1300203320 /* Resources */ = {
			isa = PBXResourcesBuildPhase;
			buildActionMask = 2147483647;
			files = (
				073C3CF728958C1A00203320 /* Preview Assets.xcassets in Resources */,
				073C3CF428958C1A00203320 /* Assets.xcassets in Resources */,
			);
			runOnlyForDeploymentPostprocessing = 0;
		};
/* End PBXResourcesBuildPhase section */

/* Begin PBXSourcesBuildPhase section */
		073C3CE828958C1300203320 /* Sources */ = {
			isa = PBXSourcesBuildPhase;
			buildActionMask = 2147483647;
			files = (
				073C3D062895A16C00203320 /* PhotoCreatorView-ViewModel.swift in Sources */,
				073C3CF228958C1300203320 /* ContentView.swift in Sources */,
				073C3D042895A12500203320 /* FileManager-Extension.swift in Sources */,
				073C3CF028958C1300203320 /* PhotoListApp.swift in Sources */,
				073C3D002895925000203320 /* PhotoCreatorView.swift in Sources */,
				073C3CFE28958C7B00203320 /* PhotoPicker.swift in Sources */,
				073C3D0228959F1900203320 /* Photo.swift in Sources */,
			);
			runOnlyForDeploymentPostprocessing = 0;
		};
/* End PBXSourcesBuildPhase section */

/* Begin XCBuildConfiguration section */
		073C3CF828958C1A00203320 /* Debug */ = {
			isa = XCBuildConfiguration;
			buildSettings = {
				ALWAYS_SEARCH_USER_PATHS = NO;
				CLANG_ANALYZER_NONNULL = YES;
				CLANG_ANALYZER_NUMBER_OBJECT_CONVERSION = YES_AGGRESSIVE;
				CLANG_CXX_LANGUAGE_STANDARD = "gnu++17";
				CLANG_ENABLE_MODULES = YES;
				CLANG_ENABLE_OBJC_ARC = YES;
				CLANG_ENABLE_OBJC_WEAK = YES;
				CLANG_WARN_BLOCK_CAPTURE_AUTORELEASING = YES;
				CLANG_WARN_BOOL_CONVERSION = YES;
				CLANG_WARN_COMMA = YES;
				CLANG_WARN_CONSTANT_CONVERSION = YES;
				CLANG_WARN_DEPRECATED_OBJC_IMPLEMENTATIONS = YES;
				CLANG_WARN_DIRECT_OBJC_ISA_USAGE = YES_ERROR;
				CLANG_WARN_DOCUMENTATION_COMMENTS = YES;
				CLANG_WARN_EMPTY_BODY = YES;
				CLANG_WARN_ENUM_CONVERSION = YES;
				CLANG_WARN_INFINITE_RECURSION = YES;
				CLANG_WARN_INT_CONVERSION = YES;
				CLANG_WARN_NON_LITERAL_NULL_CONVERSION = YES;
				CLANG_WARN_OBJC_IMPLICIT_RETAIN_SELF = YES;
				CLANG_WARN_OBJC_LITERAL_CONVERSION = YES;
				CLANG_WARN_OBJC_ROOT_CLASS = YES_ERROR;
				CLANG_WARN_QUOTED_INCLUDE_IN_FRAMEWORK_HEADER = YES;
				CLANG_WARN_RANGE_LOOP_ANALYSIS = YES;
				CLANG_WARN_STRICT_PROTOTYPES = YES;
				CLANG_WARN_SUSPICIOUS_MOVE = YES;
				CLANG_WARN_UNGUARDED_AVAILABILITY = YES_AGGRESSIVE;
				CLANG_WARN_UNREACHABLE_CODE = YES;
				CLANG_WARN__DUPLICATE_METHOD_MATCH = YES;
				COPY_PHASE_STRIP = NO;
				DEBUG_INFORMATION_FORMAT = dwarf;
				ENABLE_STRICT_OBJC_MSGSEND = YES;
				ENABLE_TESTABILITY = YES;
				GCC_C_LANGUAGE_STANDARD = gnu11;
				GCC_DYNAMIC_NO_PIC = NO;
				GCC_NO_COMMON_BLOCKS = YES;
				GCC_OPTIMIZATION_LEVEL = 0;
				GCC_PREPROCESSOR_DEFINITIONS = (
					"DEBUG=1",
					"$(inherited)",
				);
				GCC_WARN_64_TO_32_BIT_CONVERSION = YES;
				GCC_WARN_ABOUT_RETURN_TYPE = YES_ERROR;
				GCC_WARN_UNDECLARED_SELECTOR = YES;
				GCC_WARN_UNINITIALIZED_AUTOS = YES_AGGRESSIVE;
				GCC_WARN_UNUSED_FUNCTION = YES;
				GCC_WARN_UNUSED_VARIABLE = YES;
				IPHONEOS_DEPLOYMENT_TARGET = 15.5;
				MTL_ENABLE_DEBUG_INFO = INCLUDE_SOURCE;
				MTL_FAST_MATH = YES;
				ONLY_ACTIVE_ARCH = YES;
				SDKROOT = iphoneos;
				SWIFT_ACTIVE_COMPILATION_CONDITIONS = DEBUG;
				SWIFT_OPTIMIZATION_LEVEL = "-Onone";
			};
			name = Debug;
		};
		073C3CF928958C1A00203320 /* Release */ = {
			isa = XCBuildConfiguration;
			buildSettings = {
				ALWAYS_SEARCH_USER_PATHS = NO;
				CLANG_ANALYZER_NONNULL = YES;
				CLANG_ANALYZER_NUMBER_OBJECT_CONVERSION = YES_AGGRESSIVE;
				CLANG_CXX_LANGUAGE_STANDARD = "gnu++17";
				CLANG_ENABLE_MODULES = YES;
				CLANG_ENABLE_OBJC_ARC = YES;
				CLANG_ENABLE_OBJC_WEAK = YES;
				CLANG_WARN_BLOCK_CAPTURE_AUTORELEASING = YES;
				CLANG_WARN_BOOL_CONVERSION = YES;
				CLANG_WARN_COMMA = YES;
				CLANG_WARN_CONSTANT_CONVERSION = YES;
				CLANG_WARN_DEPRECATED_OBJC_IMPLEMENTATIONS = YES;
				CLANG_WARN_DIRECT_OBJC_ISA_USAGE = YES_ERROR;
				CLANG_WARN_DOCUMENTATION_COMMENTS = YES;
				CLANG_WARN_EMPTY_BODY = YES;
				CLANG_WARN_ENUM_CONVERSION = YES;
				CLANG_WARN_INFINITE_RECURSION = YES;
				CLANG_WARN_INT_CONVERSION = YES;
				CLANG_WARN_NON_LITERAL_NULL_CONVERSION = YES;
				CLANG_WARN_OBJC_IMPLICIT_RETAIN_SELF = YES;
				CLANG_WARN_OBJC_LITERAL_CONVERSION = YES;
				CLANG_WARN_OBJC_ROOT_CLASS = YES_ERROR;
				CLANG_WARN_QUOTED_INCLUDE_IN_FRAMEWORK_HEADER = YES;
				CLANG_WARN_RANGE_LOOP_ANALYSIS = YES;
				CLANG_WARN_STRICT_PROTOTYPES = YES;
				CLANG_WARN_SUSPICIOUS_MOVE = YES;
				CLANG_WARN_UNGUARDED_AVAILABILITY = YES_AGGRESSIVE;
				CLANG_WARN_UNREACHABLE_CODE = YES;
				CLANG_WARN__DUPLICATE_METHOD_MATCH = YES;
				COPY_PHASE_STRIP = NO;
				DEBUG_INFORMATION_FORMAT = "dwarf-with-dsym";
				ENABLE_NS_ASSERTIONS = NO;
				ENABLE_STRICT_OBJC_MSGSEND = YES;
				GCC_C_LANGUAGE_STANDARD = gnu11;
				GCC_NO_COMMON_BLOCKS = YES;
				GCC_WARN_64_TO_32_BIT_CONVERSION = YES;
				GCC_WARN_ABOUT_RETURN_TYPE = YES_ERROR;
				GCC_WARN_UNDECLARED_SELECTOR = YES;
				GCC_WARN_UNINITIALIZED_AUTOS = YES_AGGRESSIVE;
				GCC_WARN_UNUSED_FUNCTION = YES;
				GCC_WARN_UNUSED_VARIABLE = YES;
				IPHONEOS_DEPLOYMENT_TARGET = 15.5;
				MTL_ENABLE_DEBUG_INFO = NO;
				MTL_FAST_MATH = YES;
				SDKROOT = iphoneos;
				SWIFT_COMPILATION_MODE = wholemodule;
				SWIFT_OPTIMIZATION_LEVEL = "-O";
				VALIDATE_PRODUCT = YES;
			};
			name = Release;
		};
		073C3CFB28958C1A00203320 /* Debug */ = {
			isa = XCBuildConfiguration;
			buildSettings = {
				ASSETCATALOG_COMPILER_APPICON_NAME = AppIcon;
				ASSETCATALOG_COMPILER_GLOBAL_ACCENT_COLOR_NAME = AccentColor;
				CODE_SIGN_STYLE = Automatic;
				CURRENT_PROJECT_VERSION = 1;
				DEVELOPMENT_ASSET_PATHS = "\"PhotoList/Preview Content\"";
				ENABLE_PREVIEWS = YES;
				GENERATE_INFOPLIST_FILE = YES;
				INFOPLIST_KEY_NSPhotoLibraryUsageDescription = "We need access to your photo library to load photos.";
				INFOPLIST_KEY_UIApplicationSceneManifest_Generation = YES;
				INFOPLIST_KEY_UIApplicationSupportsIndirectInputEvents = YES;
				INFOPLIST_KEY_UILaunchScreen_Generation = YES;
				INFOPLIST_KEY_UISupportedInterfaceOrientations_iPad = "UIInterfaceOrientationPortrait UIInterfaceOrientationPortraitUpsideDown UIInterfaceOrientationLandscapeLeft UIInterfaceOrientationLandscapeRight";
				INFOPLIST_KEY_UISupportedInterfaceOrientations_iPhone = "UIInterfaceOrientationPortrait UIInterfaceOrientationLandscapeLeft UIInterfaceOrientationLandscapeRight";
				LD_RUNPATH_SEARCH_PATHS = (
					"$(inherited)",
					"@executable_path/Frameworks",
				);
				MARKETING_VERSION = 1.0;
				PRODUCT_BUNDLE_IDENTIFIER = AndreiRybak.PhotoList;
				PRODUCT_NAME = "$(TARGET_NAME)";
				SWIFT_EMIT_LOC_STRINGS = YES;
				SWIFT_VERSION = 5.0;
				TARGETED_DEVICE_FAMILY = "1,2";
			};
			name = Debug;
		};
		073C3CFC28958C1A00203320 /* Release */ = {
			isa = XCBuildConfiguration;
			buildSettings = {
				ASSETCATALOG_COMPILER_APPICON_NAME = AppIcon;
				ASSETCATALOG_COMPILER_GLOBAL_ACCENT_COLOR_NAME = AccentColor;
				CODE_SIGN_STYLE = Automatic;
				CURRENT_PROJECT_VERSION = 1;
				DEVELOPMENT_ASSET_PATHS = "\"PhotoList/Preview Content\"";
				ENABLE_PREVIEWS = YES;
				GENERATE_INFOPLIST_FILE = YES;
				INFOPLIST_KEY_NSPhotoLibraryUsageDescription = "We need access to your photo library to load photos.";
				INFOPLIST_KEY_UIApplicationSceneManifest_Generation = YES;
				INFOPLIST_KEY_UIApplicationSupportsIndirectInputEvents = YES;
				INFOPLIST_KEY_UILaunchScreen_Generation = YES;
				INFOPLIST_KEY_UISupportedInterfaceOrientations_iPad = "UIInterfaceOrientationPortrait UIInterfaceOrientationPortraitUpsideDown UIInterfaceOrientationLandscapeLeft UIInterfaceOrientationLandscapeRight";
				INFOPLIST_KEY_UISupportedInterfaceOrientations_iPhone = "UIInterfaceOrientationPortrait UIInterfaceOrientationLandscapeLeft UIInterfaceOrientationLandscapeRight";
				LD_RUNPATH_SEARCH_PATHS = (
					"$(inherited)",
					"@executable_path/Frameworks",
				);
				MARKETING_VERSION = 1.0;
				PRODUCT_BUNDLE_IDENTIFIER = AndreiRybak.PhotoList;
				PRODUCT_NAME = "$(TARGET_NAME)";
				SWIFT_EMIT_LOC_STRINGS = YES;
				SWIFT_VERSION = 5.0;
				TARGETED_DEVICE_FAMILY = "1,2";
			};
			name = Release;
		};
/* End XCBuildConfiguration section */

/* Begin XCConfigurationList section */
		073C3CE728958C1200203320 /* Build configuration list for PBXProject "PhotoList" */ = {
			isa = XCConfigurationList;
			buildConfigurations = (
				073C3CF828958C1A00203320 /* Debug */,
				073C3CF928958C1A00203320 /* Release */,
			);
			defaultConfigurationIsVisible = 0;
			defaultConfigurationName = Release;
		};
		073C3CFA28958C1A00203320 /* Build configuration list for PBXNativeTarget "PhotoList" */ = {
			isa = XCConfigurationList;
			buildConfigurations = (
				073C3CFB28958C1A00203320 /* Debug */,
				073C3CFC28958C1A00203320 /* Release */,
			);
			defaultConfigurationIsVisible = 0;
			defaultConfigurationName = Release;
		};
/* End XCConfigurationList section */
	};
	rootObject = 073C3CE428958C1200203320 /* Project object */;
}
